{
  "version": 4,
  "terraform_version": "0.12.10",
  "serial": 46,
  "lineage": "0592e4d9-0f8e-c53c-5c24-becc09e0bf71",
  "outputs": {},
  "resources": [
    {
      "module": "module.foo_queue",
      "mode": "data",
      "type": "aws_caller_identity",
      "name": "current",
      "provider": "provider.aws",
      "instances": [
        {
          "schema_version": 0,
          "attributes": {
            "account_id": "309952364818",
            "arn": "arn:aws:iam::309952364818:user/francis.mwangi",
            "id": "2019-10-15 07:15:02.8255545 +0000 UTC",
            "user_id": "AIDAJA566LXWHZH66E5J6"
          }
        }
      ]
    },
    {
      "module": "module.bar_queue",
      "mode": "data",
      "type": "aws_caller_identity",
      "name": "current",
      "provider": "provider.aws",
      "instances": [
        {
          "schema_version": 0,
          "attributes": {
            "account_id": "309952364818",
            "arn": "arn:aws:iam::309952364818:user/francis.mwangi",
            "id": "2019-10-15 07:15:02.8259424 +0000 UTC",
            "user_id": "AIDAJA566LXWHZH66E5J6"
          }
        }
      ]
    },
    {
      "module": "module.foo_queue",
      "mode": "data",
      "type": "aws_region",
      "name": "current",
      "provider": "provider.aws",
      "instances": [
        {
          "schema_version": 0,
          "attributes": {
            "current": null,
            "description": "EU (Ireland)",
            "endpoint": "ec2.eu-west-1.amazonaws.com",
            "id": "eu-west-1",
            "name": "eu-west-1"
          }
        }
      ]
    },
    {
      "module": "module.bar_queue",
      "mode": "data",
      "type": "aws_region",
      "name": "current",
      "provider": "provider.aws",
      "instances": [
        {
          "schema_version": 0,
          "attributes": {
            "current": null,
            "description": "EU (Ireland)",
            "endpoint": "ec2.eu-west-1.amazonaws.com",
            "id": "eu-west-1",
            "name": "eu-west-1"
          }
        }
      ]
    },
    {
      "module": "module.table",
      "mode": "managed",
      "type": "aws_dynamodb_table",
      "name": "demo-table",
      "provider": "provider.aws",
      "instances": [
        {
          "schema_version": 1,
          "attributes": {
            "arn": "arn:aws:dynamodb:ddblocal:000000000000:table/ansible_terraform_demo",
            "attribute": [
              {
                "name": "id",
                "type": "S"
              }
            ],
            "billing_mode": "PROVISIONED",
            "global_secondary_index": [],
            "hash_key": "id",
            "id": "ansible_terraform_demo",
            "local_secondary_index": [],
            "name": "ansible_terraform_demo",
            "point_in_time_recovery": [
              {
                "enabled": false
              }
            ],
            "range_key": null,
            "read_capacity": 20,
            "server_side_encryption": [],
            "stream_arn": "",
            "stream_enabled": false,
            "stream_label": "",
            "stream_view_type": "",
            "tags": {},
            "timeouts": null,
            "ttl": [
              {
                "attribute_name": "",
                "enabled": false
              }
            ],
            "write_capacity": 20
          },
          "private": "eyJlMmJmYjczMC1lY2FhLTExZTYtOGY4OC0zNDM2M2JjN2M0YzAiOnsiY3JlYXRlIjo2MDAwMDAwMDAwMDAsImRlbGV0ZSI6NjAwMDAwMDAwMDAwLCJ1cGRhdGUiOjM2MDAwMDAwMDAwMDB9LCJzY2hlbWFfdmVyc2lvbiI6IjEifQ=="
        }
      ]
    },
    {
      "module": "module.foo_queue",
      "mode": "managed",
      "type": "aws_sns_topic_subscription",
      "name": "demo_topic_subscription",
      "provider": "provider.aws",
      "instances": []
    },
    {
      "module": "module.bar_queue",
      "mode": "managed",
      "type": "aws_sns_topic_subscription",
      "name": "demo_topic_subscription",
      "provider": "provider.aws",
      "instances": []
    },
    {
      "module": "module.foo_queue",
      "mode": "managed",
      "type": "aws_sqs_queue",
      "name": "demo_sqs",
      "provider": "provider.aws",
      "instances": []
    },
    {
      "module": "module.bar_queue",
      "mode": "managed",
      "type": "aws_sqs_queue",
      "name": "demo_sqs",
      "provider": "provider.aws",
      "instances": []
    }
  ]
}
